
Microsoft Visual Studio Solution File, Format Version 12.00
# Visual Studio Version 16
VisualStudioVersion = 16.0.30907.101
MinimumVisualStudioVersion = 10.0.40219.1
Project("{9A19103F-16F7-4668-BE54-9A1E7A4F7556}") = "TrulliManager", "TrulliManager\TrulliManager.csproj", "{54D4150F-27C5-4CB7-A8A2-4E0819C91FF6}"
EndProject
Project("{9A19103F-16F7-4668-BE54-9A1E7A4F7556}") = "TrulliManager.Repository", "Trulli.Repository\TrulliManager.Repository.csproj", "{EEC42A0B-1865-421B-A193-A4416A758223}"
EndProject
Project("{9A19103F-16F7-4668-BE54-9A1E7A4F7556}") = "TrulliManager.Database", "TrulliManager.Database\TrulliManager.Database.csproj", "{BDFEFD2C-02BA-4E1B-8505-CD20FE24D8F1}"
EndProject
Project("{9A19103F-16F7-4668-BE54-9A1E7A4F7556}") = "TrulliManager.Types", "TrulliManager.Types\TrulliManager.Types.csproj", "{DDF2DCA5-4337-4D43-A31A-CA08CB3BD3F4}"
EndProject
Global
	GlobalSection(SolutionConfigurationPlatforms) = preSolution
		Debug|Any CPU = Debug|Any CPU
		Release|Any CPU = Release|Any CPU
	EndGlobalSection
	GlobalSection(ProjectConfigurationPlatforms) = postSolution
		{54D4150F-27C5-4CB7-A8A2-4E0819C91FF6}.Debug|Any CPU.ActiveCfg = Debug|Any CPU
		{54D4150F-27C5-4CB7-A8A2-4E0819C91FF6}.Debug|Any CPU.Build.0 = Debug|Any CPU
		{54D4150F-27C5-4CB7-A8A2-4E0819C91FF6}.Release|Any CPU.ActiveCfg = Release|Any CPU
		{54D4150F-27C5-4CB7-A8A2-4E0819C91FF6}.Release|Any CPU.Build.0 = Release|Any CPU
		{EEC42A0B-1865-421B-A193-A4416A758223}.Debug|Any CPU.ActiveCfg = Debug|Any CPU
		{EEC42A0B-1865-421B-A193-A4416A758223}.Debug|Any CPU.Build.0 = Debug|Any CPU
		{EEC42A0B-1865-421B-A193-A4416A758223}.Release|Any CPU.ActiveCfg = Release|Any CPU
		{EEC42A0B-1865-421B-A193-A4416A758223}.Release|Any CPU.Build.0 = Release|Any CPU
		{BDFEFD2C-02BA-4E1B-8505-CD20FE24D8F1}.Debug|Any CPU.ActiveCfg = Debug|Any CPU
		{BDFEFD2C-02BA-4E1B-8505-CD20FE24D8F1}.Debug|Any CPU.Build.0 = Debug|Any CPU
		{BDFEFD2C-02BA-4E1B-8505-CD20FE24D8F1}.Release|Any CPU.ActiveCfg = Release|Any CPU
		{BDFEFD2C-02BA-4E1B-8505-CD20FE24D8F1}.Release|Any CPU.Build.0 = Release|Any CPU
		{DDF2DCA5-4337-4D43-A31A-CA08CB3BD3F4}.Debug|Any CPU.ActiveCfg = Debug|Any CPU
		{DDF2DCA5-4337-4D43-A31A-CA08CB3BD3F4}.Debug|Any CPU.Build.0 = Debug|Any CPU
		{DDF2DCA5-4337-4D43-A31A-CA08CB3BD3F4}.Release|Any CPU.ActiveCfg = Release|Any CPU
		{DDF2DCA5-4337-4D43-A31A-CA08CB3BD3F4}.Release|Any CPU.Build.0 = Release|Any CPU
	EndGlobalSection
	GlobalSection(SolutionProperties) = preSolution
		HideSolutionNode = FALSE
	EndGlobalSection
	GlobalSection(ExtensibilityGlobals) = postSolution
		SolutionGuid = {A0DCAD43-4D34-4048-B8CA-3F494222F583}
	EndGlobalSection
EndGlobal
